
Microsoft Visual Studio Solution File, Format Version 12.00
# Visual Studio 15
VisualStudioVersion = 15.0.28307.271
MinimumVisualStudioVersion = 10.0.40219.1
Project("{FAE04EC0-301F-11D3-BF4B-00C04F79EFBC}") = "ProSoccerDomain", "ProSoccerDomain\ProSoccerDomain.csproj", "{292F5745-2EDB-4E72-9B4B-B6FE672D2634}"
EndProject
Project("{FAE04EC0-301F-11D3-BF4B-00C04F79EFBC}") = "ProSoccerInfra", "ProSoccerInfra\ProSoccerInfra.csproj", "{5B111CB4-C810-4EA3-AA04-6C85E272049E}"
EndProject
Project("{FAE04EC0-301F-11D3-BF4B-00C04F79EFBC}") = "ProSoccerAPI", "ProSoccerAPI\ProSoccerAPI.csproj", "{3B356491-7820-44E6-8FD0-E5E5EE645DF8}"
EndProject
Global
	GlobalSection(SolutionConfigurationPlatforms) = preSolution
		Debug|Any CPU = Debug|Any CPU
		Release|Any CPU = Release|Any CPU
	EndGlobalSection
	GlobalSection(ProjectConfigurationPlatforms) = postSolution
		{292F5745-2EDB-4E72-9B4B-B6FE672D2634}.Debug|Any CPU.ActiveCfg = Debug|Any CPU
		{292F5745-2EDB-4E72-9B4B-B6FE672D2634}.Debug|Any CPU.Build.0 = Debug|Any CPU
		{292F5745-2EDB-4E72-9B4B-B6FE672D2634}.Release|Any CPU.ActiveCfg = Release|Any CPU
		{292F5745-2EDB-4E72-9B4B-B6FE672D2634}.Release|Any CPU.Build.0 = Release|Any CPU
		{5B111CB4-C810-4EA3-AA04-6C85E272049E}.Debug|Any CPU.ActiveCfg = Debug|Any CPU
		{5B111CB4-C810-4EA3-AA04-6C85E272049E}.Debug|Any CPU.Build.0 = Debug|Any CPU
		{5B111CB4-C810-4EA3-AA04-6C85E272049E}.Release|Any CPU.ActiveCfg = Release|Any CPU
		{5B111CB4-C810-4EA3-AA04-6C85E272049E}.Release|Any CPU.Build.0 = Release|Any CPU
		{3B356491-7820-44E6-8FD0-E5E5EE645DF8}.Debug|Any CPU.ActiveCfg = Debug|Any CPU
		{3B356491-7820-44E6-8FD0-E5E5EE645DF8}.Debug|Any CPU.Build.0 = Debug|Any CPU
		{3B356491-7820-44E6-8FD0-E5E5EE645DF8}.Release|Any CPU.ActiveCfg = Release|Any CPU
		{3B356491-7820-44E6-8FD0-E5E5EE645DF8}.Release|Any CPU.Build.0 = Release|Any CPU
	EndGlobalSection
	GlobalSection(SolutionProperties) = preSolution
		HideSolutionNode = FALSE
	EndGlobalSection
	GlobalSection(ExtensibilityGlobals) = postSolution
		SolutionGuid = {03439116-00C4-4228-8F82-7C758E5812A5}
	EndGlobalSection
EndGlobal
